
Microsoft Visual Studio Solution File, Format Version 12.00
# Visual Studio 2013
VisualStudioVersion = 12.0.21005.1
MinimumVisualStudioVersion = 10.0.40219.1
Project("{FAE04EC0-301F-11D3-BF4B-00C04F79EFBC}") = "Serialization", "Serialization\Serialization.csproj", "{4C473923-5C95-4F88-8F35-B6583EF22C9E}"
EndProject
Project("{FAE04EC0-301F-11D3-BF4B-00C04F79EFBC}") = "DAL", "DAL\DAL.csproj", "{4719C4AE-456A-4638-9F55-161C5E2AF7FB}"
EndProject
Project("{FAE04EC0-301F-11D3-BF4B-00C04F79EFBC}") = "Models", "Models\Models.csproj", "{6007DBCA-D4DD-47C5-B175-9C28C38FA4CF}"
EndProject
Project("{FAE04EC0-301F-11D3-BF4B-00C04F79EFBC}") = "Common", "Common\Common.csproj", "{C98DA94E-3BE6-4504-9F79-50861E88852F}"
EndProject
Global
	GlobalSection(SolutionConfigurationPlatforms) = preSolution
		Debug|Any CPU = Debug|Any CPU
		Release|Any CPU = Release|Any CPU
	EndGlobalSection
	GlobalSection(ProjectConfigurationPlatforms) = postSolution
		{4C473923-5C95-4F88-8F35-B6583EF22C9E}.Debug|Any CPU.ActiveCfg = Debug|Any CPU
		{4C473923-5C95-4F88-8F35-B6583EF22C9E}.Debug|Any CPU.Build.0 = Debug|Any CPU
		{4C473923-5C95-4F88-8F35-B6583EF22C9E}.Release|Any CPU.ActiveCfg = Release|Any CPU
		{4C473923-5C95-4F88-8F35-B6583EF22C9E}.Release|Any CPU.Build.0 = Release|Any CPU
		{4719C4AE-456A-4638-9F55-161C5E2AF7FB}.Debug|Any CPU.ActiveCfg = Debug|Any CPU
		{4719C4AE-456A-4638-9F55-161C5E2AF7FB}.Debug|Any CPU.Build.0 = Debug|Any CPU
		{4719C4AE-456A-4638-9F55-161C5E2AF7FB}.Release|Any CPU.ActiveCfg = Release|Any CPU
		{4719C4AE-456A-4638-9F55-161C5E2AF7FB}.Release|Any CPU.Build.0 = Release|Any CPU
		{6007DBCA-D4DD-47C5-B175-9C28C38FA4CF}.Debug|Any CPU.ActiveCfg = Debug|Any CPU
		{6007DBCA-D4DD-47C5-B175-9C28C38FA4CF}.Debug|Any CPU.Build.0 = Debug|Any CPU
		{6007DBCA-D4DD-47C5-B175-9C28C38FA4CF}.Release|Any CPU.ActiveCfg = Release|Any CPU
		{6007DBCA-D4DD-47C5-B175-9C28C38FA4CF}.Release|Any CPU.Build.0 = Release|Any CPU
		{C98DA94E-3BE6-4504-9F79-50861E88852F}.Debug|Any CPU.ActiveCfg = Debug|Any CPU
		{C98DA94E-3BE6-4504-9F79-50861E88852F}.Debug|Any CPU.Build.0 = Debug|Any CPU
		{C98DA94E-3BE6-4504-9F79-50861E88852F}.Release|Any CPU.ActiveCfg = Release|Any CPU
		{C98DA94E-3BE6-4504-9F79-50861E88852F}.Release|Any CPU.Build.0 = Release|Any CPU
	EndGlobalSection
	GlobalSection(SolutionProperties) = preSolution
		HideSolutionNode = FALSE
	EndGlobalSection
EndGlobal
